
Microsoft Visual Studio Solution File, Format Version 12.00
# Visual Studio 14
VisualStudioVersion = 14.0.24720.0
MinimumVisualStudioVersion = 10.0.40219.1
Project("{FAE04EC0-301F-11D3-BF4B-00C04F79EFBC}") = "Final_Project", "Final_Project\Final_Project.csproj", "{36300865-DFF1-494B-B980-8540AFF459AA}"
EndProject
Project("{FAE04EC0-301F-11D3-BF4B-00C04F79EFBC}") = "UnitTests", "..\..\..\..\Downloads\Final_Project_3.27.16-2016-03-29\Final_Project_3.27.16\Final_Project\UnitTests\UnitTests.csproj", "{5B50A217-344E-4040-965E-83D9C8B196AA}"
EndProject
Global
	GlobalSection(SolutionConfigurationPlatforms) = preSolution
		Debug|Any CPU = Debug|Any CPU
		Release|Any CPU = Release|Any CPU
	EndGlobalSection
	GlobalSection(ProjectConfigurationPlatforms) = postSolution
		{36300865-DFF1-494B-B980-8540AFF459AA}.Debug|Any CPU.ActiveCfg = Debug|Any CPU
		{36300865-DFF1-494B-B980-8540AFF459AA}.Debug|Any CPU.Build.0 = Debug|Any CPU
		{36300865-DFF1-494B-B980-8540AFF459AA}.Release|Any CPU.ActiveCfg = Release|Any CPU
		{36300865-DFF1-494B-B980-8540AFF459AA}.Release|Any CPU.Build.0 = Release|Any CPU
		{5B50A217-344E-4040-965E-83D9C8B196AA}.Debug|Any CPU.ActiveCfg = Debug|Any CPU
		{5B50A217-344E-4040-965E-83D9C8B196AA}.Debug|Any CPU.Build.0 = Debug|Any CPU
		{5B50A217-344E-4040-965E-83D9C8B196AA}.Release|Any CPU.ActiveCfg = Release|Any CPU
		{5B50A217-344E-4040-965E-83D9C8B196AA}.Release|Any CPU.Build.0 = Release|Any CPU
	EndGlobalSection
	GlobalSection(SolutionProperties) = preSolution
		HideSolutionNode = FALSE
	EndGlobalSection
EndGlobal
